// !$*UTF8*$!
{
	archiveVersion = 1;
	classes = {
	};
	objectVersion = 46;
	objects = {

/* Begin PBXBuildFile section */
		C85C68011BB8BD5C00F53723 /* AppDelegate.swift in Sources */ = {isa = PBXBuildFile; fileRef = C85C68001BB8BD5C00F53723 /* AppDelegate.swift */; };
		C85C68031BB8BD5C00F53723 /* ViewController.swift in Sources */ = {isa = PBXBuildFile; fileRef = C85C68021BB8BD5C00F53723 /* ViewController.swift */; };
		C85C68061BB8BD5C00F53723 /* Main.storyboard in Resources */ = {isa = PBXBuildFile; fileRef = C85C68041BB8BD5C00F53723 /* Main.storyboard */; };
		C85C68081BB8BD5C00F53723 /* Assets.xcassets in Resources */ = {isa = PBXBuildFile; fileRef = C85C68071BB8BD5C00F53723 /* Assets.xcassets */; };
		C85C680B1BB8BD5C00F53723 /* LaunchScreen.storyboard in Resources */ = {isa = PBXBuildFile; fileRef = C85C68091BB8BD5C00F53723 /* LaunchScreen.storyboard */; };
/* End PBXBuildFile section */

/* Begin PBXFileReference section */
		C85C67FD1BB8BD5C00F53723 /* Consulta Playas.app */ = {isa = PBXFileReference; explicitFileType = wrapper.application; includeInIndex = 0; path = "Consulta Playas.app"; sourceTree = BUILT_PRODUCTS_DIR; };
		C85C68001BB8BD5C00F53723 /* AppDelegate.swift */ = {isa = PBXFileReference; lastKnownFileType = sourcecode.swift; path = AppDelegate.swift; sourceTree = "<group>"; };
		C85C68021BB8BD5C00F53723 /* ViewController.swift */ = {isa = PBXFileReference; lastKnownFileType = sourcecode.swift; path = ViewController.swift; sourceTree = "<group>"; };
		C85C68051BB8BD5C00F53723 /* Base */ = {isa = PBXFileReference; lastKnownFileType = file.storyboard; name = Base; path = Base.lproj/Main.storyboard; sourceTree = "<group>"; };
		C85C68071BB8BD5C00F53723 /* Assets.xcassets */ = {isa = PBXFileReference; lastKnownFileType = folder.assetcatalog; path = Assets.xcassets; sourceTree = "<group>"; };
		C85C680A1BB8BD5C00F53723 /* Base */ = {isa = PBXFileReference; lastKnownFileType = file.storyboard; name = Base; path = Base.lproj/LaunchScreen.storyboard; sourceTree = "<group>"; };
		C85C680C1BB8BD5C00F53723 /* Info.plist */ = {isa = PBXFileReference; lastKnownFileType = text.plist.xml; path = Info.plist; sourceTree = "<group>"; };
/* End PBXFileReference section */

/* Begin PBXFrameworksBuildPhase section */
		C85C67FA1BB8BD5C00F53723 /* Frameworks */ = {
			isa = PBXFrameworksBuildPhase;
			buildActionMask = 2147483647;
			files = (
			);
			runOnlyForDeploymentPostprocessing = 0;
		};
/* End PBXFrameworksBuildPhase section */

/* Begin PBXGroup section */
		C85C67F41BB8BD5B00F53723 = {
			isa = PBXGroup;
			children = (
				C85C67FF1BB8BD5C00F53723 /* Consulta Playas */,
				C85C67FE1BB8BD5C00F53723 /* Products */,
			);
			sourceTree = "<group>";
		};
		C85C67FE1BB8BD5C00F53723 /* Products */ = {
			isa = PBXGroup;
			children = (
				C85C67FD1BB8BD5C00F53723 /* Consulta Playas.app */,
			);
			name = Products;
			sourceTree = "<group>";
		};
		C85C67FF1BB8BD5C00F53723 /* Consulta Playas */ = {
			isa = PBXGroup;
			children = (
				C85C68001BB8BD5C00F53723 /* AppDelegate.swift */,
				C85C68021BB8BD5C00F53723 /* ViewController.swift */,
				C85C68041BB8BD5C00F53723 /* Main.storyboard */,
				C85C68071BB8BD5C00F53723 /* Assets.xcassets */,
				C85C68091BB8BD5C00F53723 /* LaunchScreen.storyboard */,
				C85C680C1BB8BD5C00F53723 /* Info.plist */,
			);
			path = "Consulta Playas";
			sourceTree = "<group>";
		};
/* End PBXGroup section */

/* Begin PBXNativeTarget section */
		C85C67FC1BB8BD5C00F53723 /* Consulta Playas */ = {
			isa = PBXNativeTarget;
			buildConfigurationList = C85C680F1BB8BD5C00F53723 /* Build configuration list for PBXNativeTarget "Consulta Playas" */;
			buildPhases = (
				C85C67F91BB8BD5C00F53723 /* Sources */,
				C85C67FA1BB8BD5C00F53723 /* Frameworks */,
				C85C67FB1BB8BD5C00F53723 /* Resources */,
			);
			buildRules = (
			);
			dependencies = (
			);
			name = "Consulta Playas";
			productName = "Consulta Playas";
			productReference = C85C67FD1BB8BD5C00F53723 /* Consulta Playas.app */;
			productType = "com.apple.product-type.application";
		};
/* End PBXNativeTarget section */

/* Begin PBXProject section */
		C85C67F51BB8BD5B00F53723 /* Project object */ = {
			isa = PBXProject;
			attributes = {
				LastUpgradeCheck = 0700;
				ORGANIZATIONNAME = "M-Sonic";
				TargetAttributes = {
					C85C67FC1BB8BD5C00F53723 = {
						CreatedOnToolsVersion = 7.0;
					};
				};
			};
			buildConfigurationList = C85C67F81BB8BD5B00F53723 /* Build configuration list for PBXProject "Consulta Playas" */;
			compatibilityVersion = "Xcode 3.2";
			developmentRegion = English;
			hasScannedForEncodings = 0;
			knownRegions = (
				en,
				Base,
			);
			mainGroup = C85C67F41BB8BD5B00F53723;
			productRefGroup = C85C67FE1BB8BD5C00F53723 /* Products */;
			projectDirPath = "";
			projectRoot = "";
			targets = (
				C85C67FC1BB8BD5C00F53723 /* Consulta Playas */,
			);
		};
/* End PBXProject section */

/* Begin PBXResourcesBuildPhase section */
		C85C67FB1BB8BD5C00F53723 /* Resources */ = {
			isa = PBXResourcesBuildPhase;
			buildActionMask = 2147483647;
			files = (
				C85C680B1BB8BD5C00F53723 /* LaunchScreen.storyboard in Resources */,
				C85C68081BB8BD5C00F53723 /* Assets.xcassets in Resources */,
				C85C68061BB8BD5C00F53723 /* Main.storyboard in Resources */,
			);
			runOnlyForDeploymentPostprocessing = 0;
		};
/* End PBXResourcesBuildPhase section */

/* Begin PBXSourcesBuildPhase section */
		C85C67F91BB8BD5C00F53723 /* Sources */ = {
			isa = PBXSourcesBuildPhase;
			buildActionMask = 2147483647;
			files = (
				C85C68031BB8BD5C00F53723 /* ViewController.swift in Sources */,
				C85C68011BB8BD5C00F53723 /* AppDelegate.swift in Sources */,
			);
			runOnlyForDeploymentPostprocessing = 0;
		};
/* End PBXSourcesBuildPhase section */

/* Begin PBXVariantGroup section */
		C85C68041BB8BD5C00F53723 /* Main.storyboard */ = {
			isa = PBXVariantGroup;
			children = (
				C85C68051BB8BD5C00F53723 /* Base */,
			);
			name = Main.storyboard;
			sourceTree = "<group>";
		};
		C85C68091BB8BD5C00F53723 /* LaunchScreen.storyboard */ = {
			isa = PBXVariantGroup;
			children = (
				C85C680A1BB8BD5C00F53723 /* Base */,
			);
			name = LaunchScreen.storyboard;
			sourceTree = "<group>";
		};
/* End PBXVariantGroup section */

/* Begin XCBuildConfiguration section */
		C85C680D1BB8BD5C00F53723 /* Debug */ = {
			isa = XCBuildConfiguration;
			buildSettings = {
				ALWAYS_SEARCH_USER_PATHS = NO;
				CLANG_CXX_LANGUAGE_STANDARD = "gnu++0x";
				CLANG_CXX_LIBRARY = "libc++";
				CLANG_ENABLE_MODULES = YES;
				CLANG_ENABLE_OBJC_ARC = YES;
				CLANG_WARN_BOOL_CONVERSION = YES;
				CLANG_WARN_CONSTANT_CONVERSION = YES;
				CLANG_WARN_DIRECT_OBJC_ISA_USAGE = YES_ERROR;
				CLANG_WARN_EMPTY_BODY = YES;
				CLANG_WARN_ENUM_CONVERSION = YES;
				CLANG_WARN_INT_CONVERSION = YES;
				CLANG_WARN_OBJC_ROOT_CLASS = YES_ERROR;
				CLANG_WARN_UNREACHABLE_CODE = YES;
				CLANG_WARN__DUPLICATE_METHOD_MATCH = YES;
				"CODE_SIGN_IDENTITY[sdk=iphoneos*]" = "iPhone Developer";
				COPY_PHASE_STRIP = NO;
				DEBUG_INFORMATION_FORMAT = dwarf;
				ENABLE_STRICT_OBJC_MSGSEND = YES;
				ENABLE_TESTABILITY = YES;
				GCC_C_LANGUAGE_STANDARD = gnu99;
				GCC_DYNAMIC_NO_PIC = NO;
				GCC_NO_COMMON_BLOCKS = YES;
				GCC_OPTIMIZATION_LEVEL = 0;
				GCC_PREPROCESSOR_DEFINITIONS = (
					"DEBUG=1",
					"$(inherited)",
				);
				GCC_WARN_64_TO_32_BIT_CONVERSION = YES;
				GCC_WARN_ABOUT_RETURN_TYPE = YES_ERROR;
				GCC_WARN_UNDECLARED_SELECTOR = YES;
				GCC_WARN_UNINITIALIZED_AUTOS = YES_AGGRESSIVE;
				GCC_WARN_UNUSED_FUNCTION = YES;
				GCC_WARN_UNUSED_VARIABLE = YES;
				IPHONEOS_DEPLOYMENT_TARGET = 9.0;
				MTL_ENABLE_DEBUG_INFO = YES;
				ONLY_ACTIVE_ARCH = YES;
				SDKROOT = iphoneos;
				SWIFT_OPTIMIZATION_LEVEL = "-Onone";
				TARGETED_DEVICE_FAMILY = "1,2";
			};
			name = Debug;
		};
		C85C680E1BB8BD5C00F53723 /* Release */ = {
			isa = XCBuildConfiguration;
			buildSettings = {
				ALWAYS_SEARCH_USER_PATHS = NO;
				CLANG_CXX_LANGUAGE_STANDARD = "gnu++0x";
				CLANG_CXX_LIBRARY = "libc++";
				CLANG_ENABLE_MODULES = YES;
				CLANG_ENABLE_OBJC_ARC = YES;
				CLANG_WARN_BOOL_CONVERSION = YES;
				CLANG_WARN_CONSTANT_CONVERSION = YES;
				CLANG_WARN_DIRECT_OBJC_ISA_USAGE = YES_ERROR;
				CLANG_WARN_EMPTY_BODY = YES;
				CLANG_WARN_ENUM_CONVERSION = YES;
				CLANG_WARN_INT_CONVERSION = YES;
				CLANG_WARN_OBJC_ROOT_CLASS = YES_ERROR;
				CLANG_WARN_UNREACHABLE_CODE = YES;
				CLANG_WARN__DUPLICATE_METHOD_MATCH = YES;
				"CODE_SIGN_IDENTITY[sdk=iphoneos*]" = "iPhone Developer";
				COPY_PHASE_STRIP = NO;
				DEBUG_INFORMATION_FORMAT = "dwarf-with-dsym";
				ENABLE_NS_ASSERTIONS = NO;
				ENABLE_STRICT_OBJC_MSGSEND = YES;
				GCC_C_LANGUAGE_STANDARD = gnu99;
				GCC_NO_COMMON_BLOCKS = YES;
				GCC_WARN_64_TO_32_BIT_CONVERSION = YES;
				GCC_WARN_ABOUT_RETURN_TYPE = YES_ERROR;
				GCC_WARN_UNDECLARED_SELECTOR = YES;
				GCC_WARN_UNINITIALIZED_AUTOS = YES_AGGRESSIVE;
				GCC_WARN_UNUSED_FUNCTION = YES;
				GCC_WARN_UNUSED_VARIABLE = YES;
				IPHONEOS_DEPLOYMENT_TARGET = 9.0;
				MTL_ENABLE_DEBUG_INFO = NO;
				SDKROOT = iphoneos;
				TARGETED_DEVICE_FAMILY = "1,2";
				VALIDATE_PRODUCT = YES;
			};
			name = Release;
		};
		C85C68101BB8BD5C00F53723 /* Debug */ = {
			isa = XCBuildConfiguration;
			buildSettings = {
				ASSETCATALOG_COMPILER_APPICON_NAME = AppIcon;
				INFOPLIST_FILE = "Consulta Playas/Info.plist";
				LD_RUNPATH_SEARCH_PATHS = "$(inherited) @executable_path/Frameworks";
				PRODUCT_BUNDLE_IDENTIFIER = "net.msonic.Consulta-Playas";
				PRODUCT_NAME = "$(TARGET_NAME)";
			};
			name = Debug;
		};
		C85C68111BB8BD5C00F53723 /* Release */ = {
			isa = XCBuildConfiguration;
			buildSettings = {
				ASSETCATALOG_COMPILER_APPICON_NAME = AppIcon;
				INFOPLIST_FILE = "Consulta Playas/Info.plist";
				LD_RUNPATH_SEARCH_PATHS = "$(inherited) @executable_path/Frameworks";
				PRODUCT_BUNDLE_IDENTIFIER = "net.msonic.Consulta-Playas";
				PRODUCT_NAME = "$(TARGET_NAME)";
			};
			name = Release;
		};
/* End XCBuildConfiguration section */

/* Begin XCConfigurationList section */
		C85C67F81BB8BD5B00F53723 /* Build configuration list for PBXProject "Consulta Playas" */ = {
			isa = XCConfigurationList;
			buildConfigurations = (
				C85C680D1BB8BD5C00F53723 /* Debug */,
				C85C680E1BB8BD5C00F53723 /* Release */,
			);
			defaultConfigurationIsVisible = 0;
			defaultConfigurationName = Release;
		};
		C85C680F1BB8BD5C00F53723 /* Build configuration list for PBXNativeTarget "Consulta Playas" */ = {
			isa = XCConfigurationList;
			buildConfigurations = (
				C85C68101BB8BD5C00F53723 /* Debug */,
				C85C68111BB8BD5C00F53723 /* Release */,
			);
			defaultConfigurationIsVisible = 0;
		};
/* End XCConfigurationList section */
	};
	rootObject = C85C67F51BB8BD5B00F53723 /* Project object */;
}
